
Microsoft Visual Studio Solution File, Format Version 12.00
# Visual Studio Version 17
VisualStudioVersion = 17.7.34024.191
MinimumVisualStudioVersion = 10.0.40219.1
Project("{FAE04EC0-301F-11D3-BF4B-00C04F79EFBC}") = "ProyectoCRUD", "ProyectoCRUD\ProyectoCRUD.csproj", "{17438A76-C14A-4D0C-BFD7-2B6DFC37BF4F}"
EndProject
Project("{FAE04EC0-301F-11D3-BF4B-00C04F79EFBC}") = "Biblioteca1", "Biblioteca1\Biblioteca1.csproj", "{735D56BC-3C52-4934-860C-813144EFC83E}"
EndProject
Global
	GlobalSection(SolutionConfigurationPlatforms) = preSolution
		Debug|Any CPU = Debug|Any CPU
		Release|Any CPU = Release|Any CPU
	EndGlobalSection
	GlobalSection(ProjectConfigurationPlatforms) = postSolution
		{17438A76-C14A-4D0C-BFD7-2B6DFC37BF4F}.Debug|Any CPU.ActiveCfg = Debug|Any CPU
		{17438A76-C14A-4D0C-BFD7-2B6DFC37BF4F}.Debug|Any CPU.Build.0 = Debug|Any CPU
		{17438A76-C14A-4D0C-BFD7-2B6DFC37BF4F}.Release|Any CPU.ActiveCfg = Release|Any CPU
		{17438A76-C14A-4D0C-BFD7-2B6DFC37BF4F}.Release|Any CPU.Build.0 = Release|Any CPU
		{735D56BC-3C52-4934-860C-813144EFC83E}.Debug|Any CPU.ActiveCfg = Debug|Any CPU
		{735D56BC-3C52-4934-860C-813144EFC83E}.Debug|Any CPU.Build.0 = Debug|Any CPU
		{735D56BC-3C52-4934-860C-813144EFC83E}.Release|Any CPU.ActiveCfg = Release|Any CPU
		{735D56BC-3C52-4934-860C-813144EFC83E}.Release|Any CPU.Build.0 = Release|Any CPU
	EndGlobalSection
	GlobalSection(SolutionProperties) = preSolution
		HideSolutionNode = FALSE
	EndGlobalSection
	GlobalSection(ExtensibilityGlobals) = postSolution
		SolutionGuid = {520DCC84-EAB3-4981-93BC-8DCA49AE16FB}
	EndGlobalSection
EndGlobal
